
Microsoft Visual Studio Solution File, Format Version 12.00
# Visual Studio Version 17
VisualStudioVersion = 17.4.33403.182
MinimumVisualStudioVersion = 10.0.40219.1
Project("{FAE04EC0-301F-11D3-BF4B-00C04F79EFBC}") = "RaylibTetris", "RaylibTetris\RaylibTetris.csproj", "{BEFB3243-ABFD-49E9-9EFC-42CEE1B9CC1F}"
EndProject
Global
	GlobalSection(SolutionConfigurationPlatforms) = preSolution
		Debug|Any CPU = Debug|Any CPU
		Release|Any CPU = Release|Any CPU
	EndGlobalSection
	GlobalSection(ProjectConfigurationPlatforms) = postSolution
		{BEFB3243-ABFD-49E9-9EFC-42CEE1B9CC1F}.Debug|Any CPU.ActiveCfg = Debug|Any CPU
		{BEFB3243-ABFD-49E9-9EFC-42CEE1B9CC1F}.Debug|Any CPU.Build.0 = Debug|Any CPU
		{BEFB3243-ABFD-49E9-9EFC-42CEE1B9CC1F}.Release|Any CPU.ActiveCfg = Release|Any CPU
		{BEFB3243-ABFD-49E9-9EFC-42CEE1B9CC1F}.Release|Any CPU.Build.0 = Release|Any CPU
	EndGlobalSection
	GlobalSection(SolutionProperties) = preSolution
		HideSolutionNode = FALSE
	EndGlobalSection
	GlobalSection(ExtensibilityGlobals) = postSolution
		SolutionGuid = {49667F94-F835-4DBA-8AC6-BBF96189A61F}
	EndGlobalSection
EndGlobal
